// !$*UTF8*$!
{
	archiveVersion = 1;
	classes = {
	};
	objectVersion = 77;
	objects = {

/* Begin PBXBuildFile section */
		F6ED4B7A2D3914FC00D98190 /* ContentView.swift in Sources */ = {isa = PBXBuildFile; fileRef = F6ED4B772D3914FC00D98190 /* ContentView.swift */; };
		F6ED4B7B2D3914FC00D98190 /* WolfApp.swift in Sources */ = {isa = PBXBuildFile; fileRef = F6ED4B782D3914FC00D98190 /* WolfApp.swift */; };
		F6ED4B7C2D3914FC00D98190 /* Preview Assets.xcassets in Resources */ = {isa = PBXBuildFile; fileRef = F6ED4B742D3914FC00D98190 /* Preview Assets.xcassets */; };
		F6ED4B7D2D3914FC00D98190 /* Assets.xcassets in Resources */ = {isa = PBXBuildFile; fileRef = F6ED4B762D3914FC00D98190 /* Assets.xcassets */; };
		F6ED4B8F2D39156200D98190 /* privacy.html in Resources */ = {isa = PBXBuildFile; fileRef = F6ED4B812D39156200D98190 /* privacy.html */; };
		F6ED4B902D39156200D98190 /* QuestionView Wolf49.swift in Sources */ = {isa = PBXBuildFile; fileRef = F6ED4B862D39156200D98190 /* QuestionView Wolf49.swift */; };
		F6ED4B912D39156200D98190 /* QuestionPickView Wolf49.swift in Sources */ = {isa = PBXBuildFile; fileRef = F6ED4B872D39156200D98190 /* QuestionPickView Wolf49.swift */; };
		F6ED4B922D39156200D98190 /* WebView Wolf49.swift in Sources */ = {isa = PBXBuildFile; fileRef = F6ED4B832D39156200D98190 /* WebView Wolf49.swift */; };
		F6ED4B932D39156200D98190 /* QuestionsView Wolf49.swift in Sources */ = {isa = PBXBuildFile; fileRef = F6ED4B7F2D39156200D98190 /* QuestionsView Wolf49.swift */; };
		F6ED4B942D39156200D98190 /* ImagePicker Wolf49.swift in Sources */ = {isa = PBXBuildFile; fileRef = F6ED4B8C2D39156200D98190 /* ImagePicker Wolf49.swift */; };
		F6ED4B952D39156200D98190 /* Extensions Wolf49.swift in Sources */ = {isa = PBXBuildFile; fileRef = F6ED4B892D39156200D98190 /* Extensions Wolf49.swift */; };
		F6ED4B962D39156200D98190 /* FactsView Wolf49.swift in Sources */ = {isa = PBXBuildFile; fileRef = F6ED4B8A2D39156200D98190 /* FactsView Wolf49.swift */; };
		F6ED4B972D39156200D98190 /* NotificationCenter Wolf49.swift in Sources */ = {isa = PBXBuildFile; fileRef = F6ED4B8B2D39156200D98190 /* NotificationCenter Wolf49.swift */; };
		F6ED4B982D39156200D98190 /* PrivacyView Wolf49.swift in Sources */ = {isa = PBXBuildFile; fileRef = F6ED4B822D39156200D98190 /* PrivacyView Wolf49.swift */; };
		F6ED4B992D39156200D98190 /* ProfileView Wolf49.swift in Sources */ = {isa = PBXBuildFile; fileRef = F6ED4B8D2D39156200D98190 /* ProfileView Wolf49.swift */; };
		F6ED4B9A2D39156200D98190 /* QuestionViewModel Wolf49.swift in Sources */ = {isa = PBXBuildFile; fileRef = F6ED4B852D39156200D98190 /* QuestionViewModel Wolf49.swift */; };
		F6ED4B9B2D39156200D98190 /* LoadingView Wolf49.swift in Sources */ = {isa = PBXBuildFile; fileRef = F6ED4B802D39156200D98190 /* LoadingView Wolf49.swift */; };
/* End PBXBuildFile section */

/* Begin PBXFileReference section */
		F6ED4B632D3914F700D98190 /* Wolf.app */ = {isa = PBXFileReference; explicitFileType = wrapper.application; includeInIndex = 0; path = Wolf.app; sourceTree = BUILT_PRODUCTS_DIR; };
		F6ED4B742D3914FC00D98190 /* Preview Assets.xcassets */ = {isa = PBXFileReference; lastKnownFileType = folder.assetcatalog; path = "Preview Assets.xcassets"; sourceTree = "<group>"; };
		F6ED4B762D3914FC00D98190 /* Assets.xcassets */ = {isa = PBXFileReference; lastKnownFileType = folder.assetcatalog; path = Assets.xcassets; sourceTree = "<group>"; };
		F6ED4B772D3914FC00D98190 /* ContentView.swift */ = {isa = PBXFileReference; lastKnownFileType = sourcecode.swift; path = ContentView.swift; sourceTree = "<group>"; };
		F6ED4B782D3914FC00D98190 /* WolfApp.swift */ = {isa = PBXFileReference; lastKnownFileType = sourcecode.swift; path = WolfApp.swift; sourceTree = "<group>"; };
		F6ED4B7E2D39154700D98190 /* Info.plist */ = {isa = PBXFileReference; lastKnownFileType = text.plist; path = Info.plist; sourceTree = "<group>"; };
		F6ED4B7F2D39156200D98190 /* QuestionsView Wolf49.swift */ = {isa = PBXFileReference; lastKnownFileType = sourcecode.swift; path = "QuestionsView Wolf49.swift"; sourceTree = "<group>"; };
		F6ED4B802D39156200D98190 /* LoadingView Wolf49.swift */ = {isa = PBXFileReference; lastKnownFileType = sourcecode.swift; path = "LoadingView Wolf49.swift"; sourceTree = "<group>"; };
		F6ED4B812D39156200D98190 /* privacy.html */ = {isa = PBXFileReference; lastKnownFileType = text.html; path = privacy.html; sourceTree = "<group>"; };
		F6ED4B822D39156200D98190 /* PrivacyView Wolf49.swift */ = {isa = PBXFileReference; lastKnownFileType = sourcecode.swift; path = "PrivacyView Wolf49.swift"; sourceTree = "<group>"; };
		F6ED4B832D39156200D98190 /* WebView Wolf49.swift */ = {isa = PBXFileReference; lastKnownFileType = sourcecode.swift; path = "WebView Wolf49.swift"; sourceTree = "<group>"; };
		F6ED4B852D39156200D98190 /* QuestionViewModel Wolf49.swift */ = {isa = PBXFileReference; lastKnownFileType = sourcecode.swift; path = "QuestionViewModel Wolf49.swift"; sourceTree = "<group>"; };
		F6ED4B862D39156200D98190 /* QuestionView Wolf49.swift */ = {isa = PBXFileReference; lastKnownFileType = sourcecode.swift; path = "QuestionView Wolf49.swift"; sourceTree = "<group>"; };
		F6ED4B872D39156200D98190 /* QuestionPickView Wolf49.swift */ = {isa = PBXFileReference; lastKnownFileType = sourcecode.swift; path = "QuestionPickView Wolf49.swift"; sourceTree = "<group>"; };
		F6ED4B892D39156200D98190 /* Extensions Wolf49.swift */ = {isa = PBXFileReference; lastKnownFileType = sourcecode.swift; path = "Extensions Wolf49.swift"; sourceTree = "<group>"; };
		F6ED4B8A2D39156200D98190 /* FactsView Wolf49.swift */ = {isa = PBXFileReference; lastKnownFileType = sourcecode.swift; path = "FactsView Wolf49.swift"; sourceTree = "<group>"; };
		F6ED4B8B2D39156200D98190 /* NotificationCenter Wolf49.swift */ = {isa = PBXFileReference; lastKnownFileType = sourcecode.swift; path = "NotificationCenter Wolf49.swift"; sourceTree = "<group>"; };
		F6ED4B8C2D39156200D98190 /* ImagePicker Wolf49.swift */ = {isa = PBXFileReference; lastKnownFileType = sourcecode.swift; path = "ImagePicker Wolf49.swift"; sourceTree = "<group>"; };
		F6ED4B8D2D39156200D98190 /* ProfileView Wolf49.swift */ = {isa = PBXFileReference; lastKnownFileType = sourcecode.swift; path = "ProfileView Wolf49.swift"; sourceTree = "<group>"; };
/* End PBXFileReference section */

/* Begin PBXFrameworksBuildPhase section */
		F6ED4B602D3914F700D98190 /* Frameworks */ = {
			isa = PBXFrameworksBuildPhase;
			buildActionMask = 2147483647;
			files = (
			);
			runOnlyForDeploymentPostprocessing = 0;
		};
/* End PBXFrameworksBuildPhase section */

/* Begin PBXGroup section */
		F6ED4B5A2D3914F700D98190 = {
			isa = PBXGroup;
			children = (
				F6ED4B792D3914FC00D98190 /* Wolf */,
				F6ED4B642D3914F700D98190 /* Products */,
			);
			sourceTree = "<group>";
		};
		F6ED4B642D3914F700D98190 /* Products */ = {
			isa = PBXGroup;
			children = (
				F6ED4B632D3914F700D98190 /* Wolf.app */,
			);
			name = Products;
			sourceTree = "<group>";
		};
		F6ED4B752D3914FC00D98190 /* Preview Content */ = {
			isa = PBXGroup;
			children = (
				F6ED4B742D3914FC00D98190 /* Preview Assets.xcassets */,
			);
			path = "Preview Content";
			sourceTree = "<group>";
		};
		F6ED4B792D3914FC00D98190 /* Wolf */ = {
			isa = PBXGroup;
			children = (
				F6ED4B7E2D39154700D98190 /* Info.plist */,
				F6ED4B772D3914FC00D98190 /* ContentView.swift */,
				F6ED4B782D3914FC00D98190 /* WolfApp.swift */,
				F6ED4B842D39156200D98190 /* Loading Wolf49 */,
				F6ED4B8B2D39156200D98190 /* NotificationCenter Wolf49.swift */,
				F6ED4B882D39156200D98190 /* Questions Wolf49 */,
				F6ED4B892D39156200D98190 /* Extensions Wolf49.swift */,
				F6ED4B762D3914FC00D98190 /* Assets.xcassets */,
				F6ED4B8A2D39156200D98190 /* FactsView Wolf49.swift */,
				F6ED4B7F2D39156200D98190 /* QuestionsView Wolf49.swift */,
				F6ED4B8E2D39156200D98190 /* Profile Wolf49 */,
				F6ED4B752D3914FC00D98190 /* Preview Content */,
			);
			path = Wolf;
			sourceTree = "<group>";
		};
		F6ED4B842D39156200D98190 /* Loading Wolf49 */ = {
			isa = PBXGroup;
			children = (
				F6ED4B802D39156200D98190 /* LoadingView Wolf49.swift */,
				F6ED4B812D39156200D98190 /* privacy.html */,
				F6ED4B822D39156200D98190 /* PrivacyView Wolf49.swift */,
				F6ED4B832D39156200D98190 /* WebView Wolf49.swift */,
			);
			path = "Loading Wolf49";
			sourceTree = "<group>";
		};
		F6ED4B882D39156200D98190 /* Questions Wolf49 */ = {
			isa = PBXGroup;
			children = (
				F6ED4B852D39156200D98190 /* QuestionViewModel Wolf49.swift */,
				F6ED4B862D39156200D98190 /* QuestionView Wolf49.swift */,
				F6ED4B872D39156200D98190 /* QuestionPickView Wolf49.swift */,
			);
			path = "Questions Wolf49";
			sourceTree = "<group>";
		};
		F6ED4B8E2D39156200D98190 /* Profile Wolf49 */ = {
			isa = PBXGroup;
			children = (
				F6ED4B8C2D39156200D98190 /* ImagePicker Wolf49.swift */,
				F6ED4B8D2D39156200D98190 /* ProfileView Wolf49.swift */,
			);
			path = "Profile Wolf49";
			sourceTree = "<group>";
		};
/* End PBXGroup section */

/* Begin PBXNativeTarget section */
		F6ED4B622D3914F700D98190 /* Wolf */ = {
			isa = PBXNativeTarget;
			buildConfigurationList = F6ED4B712D3914F800D98190 /* Build configuration list for PBXNativeTarget "Wolf" */;
			buildPhases = (
				F6ED4B5F2D3914F700D98190 /* Sources */,
				F6ED4B602D3914F700D98190 /* Frameworks */,
				F6ED4B612D3914F700D98190 /* Resources */,
			);
			buildRules = (
			);
			dependencies = (
			);
			name = Wolf;
			packageProductDependencies = (
			);
			productName = Wolf;
			productReference = F6ED4B632D3914F700D98190 /* Wolf.app */;
			productType = "com.apple.product-type.application";
		};
/* End PBXNativeTarget section */

/* Begin PBXProject section */
		F6ED4B5B2D3914F700D98190 /* Project object */ = {
			isa = PBXProject;
			attributes = {
				BuildIndependentTargetsInParallel = 1;
				LastSwiftUpdateCheck = 1600;
				LastUpgradeCheck = 1600;
				TargetAttributes = {
					F6ED4B622D3914F700D98190 = {
						CreatedOnToolsVersion = 16.0;
					};
				};
			};
			buildConfigurationList = F6ED4B5E2D3914F700D98190 /* Build configuration list for PBXProject "Wolf" */;
			developmentRegion = en;
			hasScannedForEncodings = 0;
			knownRegions = (
				en,
				Base,
			);
			mainGroup = F6ED4B5A2D3914F700D98190;
			minimizedProjectReferenceProxies = 1;
			preferredProjectObjectVersion = 77;
			productRefGroup = F6ED4B642D3914F700D98190 /* Products */;
			projectDirPath = "";
			projectRoot = "";
			targets = (
				F6ED4B622D3914F700D98190 /* Wolf */,
			);
		};
/* End PBXProject section */

/* Begin PBXResourcesBuildPhase section */
		F6ED4B612D3914F700D98190 /* Resources */ = {
			isa = PBXResourcesBuildPhase;
			buildActionMask = 2147483647;
			files = (
				F6ED4B7C2D3914FC00D98190 /* Preview Assets.xcassets in Resources */,
				F6ED4B8F2D39156200D98190 /* privacy.html in Resources */,
				F6ED4B7D2D3914FC00D98190 /* Assets.xcassets in Resources */,
			);
			runOnlyForDeploymentPostprocessing = 0;
		};
/* End PBXResourcesBuildPhase section */

/* Begin PBXSourcesBuildPhase section */
		F6ED4B5F2D3914F700D98190 /* Sources */ = {
			isa = PBXSourcesBuildPhase;
			buildActionMask = 2147483647;
			files = (
				F6ED4B7A2D3914FC00D98190 /* ContentView.swift in Sources */,
				F6ED4B902D39156200D98190 /* QuestionView Wolf49.swift in Sources */,
				F6ED4B912D39156200D98190 /* QuestionPickView Wolf49.swift in Sources */,
				F6ED4B922D39156200D98190 /* WebView Wolf49.swift in Sources */,
				F6ED4B932D39156200D98190 /* QuestionsView Wolf49.swift in Sources */,
				F6ED4B942D39156200D98190 /* ImagePicker Wolf49.swift in Sources */,
				F6ED4B952D39156200D98190 /* Extensions Wolf49.swift in Sources */,
				F6ED4B962D39156200D98190 /* FactsView Wolf49.swift in Sources */,
				F6ED4B972D39156200D98190 /* NotificationCenter Wolf49.swift in Sources */,
				F6ED4B982D39156200D98190 /* PrivacyView Wolf49.swift in Sources */,
				F6ED4B992D39156200D98190 /* ProfileView Wolf49.swift in Sources */,
				F6ED4B9A2D39156200D98190 /* QuestionViewModel Wolf49.swift in Sources */,
				F6ED4B9B2D39156200D98190 /* LoadingView Wolf49.swift in Sources */,
				F6ED4B7B2D3914FC00D98190 /* WolfApp.swift in Sources */,
			);
			runOnlyForDeploymentPostprocessing = 0;
		};
/* End PBXSourcesBuildPhase section */

/* Begin XCBuildConfiguration section */
		F6ED4B6F2D3914F800D98190 /* Debug */ = {
			isa = XCBuildConfiguration;
			buildSettings = {
				ALWAYS_SEARCH_USER_PATHS = NO;
				ASSETCATALOG_COMPILER_GENERATE_SWIFT_ASSET_SYMBOL_EXTENSIONS = YES;
				CLANG_ANALYZER_NONNULL = YES;
				CLANG_ANALYZER_NUMBER_OBJECT_CONVERSION = YES_AGGRESSIVE;
				CLANG_CXX_LANGUAGE_STANDARD = "gnu++20";
				CLANG_ENABLE_MODULES = YES;
				CLANG_ENABLE_OBJC_ARC = YES;
				CLANG_ENABLE_OBJC_WEAK = YES;
				CLANG_WARN_BLOCK_CAPTURE_AUTORELEASING = YES;
				CLANG_WARN_BOOL_CONVERSION = YES;
				CLANG_WARN_COMMA = YES;
				CLANG_WARN_CONSTANT_CONVERSION = YES;
				CLANG_WARN_DEPRECATED_OBJC_IMPLEMENTATIONS = YES;
				CLANG_WARN_DIRECT_OBJC_ISA_USAGE = YES_ERROR;
				CLANG_WARN_DOCUMENTATION_COMMENTS = YES;
				CLANG_WARN_EMPTY_BODY = YES;
				CLANG_WARN_ENUM_CONVERSION = YES;
				CLANG_WARN_INFINITE_RECURSION = YES;
				CLANG_WARN_INT_CONVERSION = YES;
				CLANG_WARN_NON_LITERAL_NULL_CONVERSION = YES;
				CLANG_WARN_OBJC_IMPLICIT_RETAIN_SELF = YES;
				CLANG_WARN_OBJC_LITERAL_CONVERSION = YES;
				CLANG_WARN_OBJC_ROOT_CLASS = YES_ERROR;
				CLANG_WARN_QUOTED_INCLUDE_IN_FRAMEWORK_HEADER = YES;
				CLANG_WARN_RANGE_LOOP_ANALYSIS = YES;
				CLANG_WARN_STRICT_PROTOTYPES = YES;
				CLANG_WARN_SUSPICIOUS_MOVE = YES;
				CLANG_WARN_UNGUARDED_AVAILABILITY = YES_AGGRESSIVE;
				CLANG_WARN_UNREACHABLE_CODE = YES;
				CLANG_WARN__DUPLICATE_METHOD_MATCH = YES;
				COPY_PHASE_STRIP = NO;
				DEBUG_INFORMATION_FORMAT = dwarf;
				ENABLE_STRICT_OBJC_MSGSEND = YES;
				ENABLE_TESTABILITY = YES;
				ENABLE_USER_SCRIPT_SANDBOXING = YES;
				GCC_C_LANGUAGE_STANDARD = gnu17;
				GCC_DYNAMIC_NO_PIC = NO;
				GCC_NO_COMMON_BLOCKS = YES;
				GCC_OPTIMIZATION_LEVEL = 0;
				GCC_PREPROCESSOR_DEFINITIONS = (
					"DEBUG=1",
					"$(inherited)",
				);
				GCC_WARN_64_TO_32_BIT_CONVERSION = YES;
				GCC_WARN_ABOUT_RETURN_TYPE = YES_ERROR;
				GCC_WARN_UNDECLARED_SELECTOR = YES;
				GCC_WARN_UNINITIALIZED_AUTOS = YES_AGGRESSIVE;
				GCC_WARN_UNUSED_FUNCTION = YES;
				GCC_WARN_UNUSED_VARIABLE = YES;
				IPHONEOS_DEPLOYMENT_TARGET = 18.0;
				LOCALIZATION_PREFERS_STRING_CATALOGS = YES;
				MTL_ENABLE_DEBUG_INFO = INCLUDE_SOURCE;
				MTL_FAST_MATH = YES;
				ONLY_ACTIVE_ARCH = YES;
				SDKROOT = iphoneos;
				SWIFT_ACTIVE_COMPILATION_CONDITIONS = "DEBUG $(inherited)";
				SWIFT_OPTIMIZATION_LEVEL = "-Onone";
			};
			name = Debug;
		};
		F6ED4B702D3914F800D98190 /* Release */ = {
			isa = XCBuildConfiguration;
			buildSettings = {
				ALWAYS_SEARCH_USER_PATHS = NO;
				ASSETCATALOG_COMPILER_GENERATE_SWIFT_ASSET_SYMBOL_EXTENSIONS = YES;
				CLANG_ANALYZER_NONNULL = YES;
				CLANG_ANALYZER_NUMBER_OBJECT_CONVERSION = YES_AGGRESSIVE;
				CLANG_CXX_LANGUAGE_STANDARD = "gnu++20";
				CLANG_ENABLE_MODULES = YES;
				CLANG_ENABLE_OBJC_ARC = YES;
				CLANG_ENABLE_OBJC_WEAK = YES;
				CLANG_WARN_BLOCK_CAPTURE_AUTORELEASING = YES;
				CLANG_WARN_BOOL_CONVERSION = YES;
				CLANG_WARN_COMMA = YES;
				CLANG_WARN_CONSTANT_CONVERSION = YES;
				CLANG_WARN_DEPRECATED_OBJC_IMPLEMENTATIONS = YES;
				CLANG_WARN_DIRECT_OBJC_ISA_USAGE = YES_ERROR;
				CLANG_WARN_DOCUMENTATION_COMMENTS = YES;
				CLANG_WARN_EMPTY_BODY = YES;
				CLANG_WARN_ENUM_CONVERSION = YES;
				CLANG_WARN_INFINITE_RECURSION = YES;
				CLANG_WARN_INT_CONVERSION = YES;
				CLANG_WARN_NON_LITERAL_NULL_CONVERSION = YES;
				CLANG_WARN_OBJC_IMPLICIT_RETAIN_SELF = YES;
				CLANG_WARN_OBJC_LITERAL_CONVERSION = YES;
				CLANG_WARN_OBJC_ROOT_CLASS = YES_ERROR;
				CLANG_WARN_QUOTED_INCLUDE_IN_FRAMEWORK_HEADER = YES;
				CLANG_WARN_RANGE_LOOP_ANALYSIS = YES;
				CLANG_WARN_STRICT_PROTOTYPES = YES;
				CLANG_WARN_SUSPICIOUS_MOVE = YES;
				CLANG_WARN_UNGUARDED_AVAILABILITY = YES_AGGRESSIVE;
				CLANG_WARN_UNREACHABLE_CODE = YES;
				CLANG_WARN__DUPLICATE_METHOD_MATCH = YES;
				COPY_PHASE_STRIP = NO;
				DEBUG_INFORMATION_FORMAT = "dwarf-with-dsym";
				ENABLE_NS_ASSERTIONS = NO;
				ENABLE_STRICT_OBJC_MSGSEND = YES;
				ENABLE_USER_SCRIPT_SANDBOXING = YES;
				GCC_C_LANGUAGE_STANDARD = gnu17;
				GCC_NO_COMMON_BLOCKS = YES;
				GCC_WARN_64_TO_32_BIT_CONVERSION = YES;
				GCC_WARN_ABOUT_RETURN_TYPE = YES_ERROR;
				GCC_WARN_UNDECLARED_SELECTOR = YES;
				GCC_WARN_UNINITIALIZED_AUTOS = YES_AGGRESSIVE;
				GCC_WARN_UNUSED_FUNCTION = YES;
				GCC_WARN_UNUSED_VARIABLE = YES;
				IPHONEOS_DEPLOYMENT_TARGET = 18.0;
				LOCALIZATION_PREFERS_STRING_CATALOGS = YES;
				MTL_ENABLE_DEBUG_INFO = NO;
				MTL_FAST_MATH = YES;
				SDKROOT = iphoneos;
				SWIFT_COMPILATION_MODE = wholemodule;
				VALIDATE_PRODUCT = YES;
			};
			name = Release;
		};
		F6ED4B722D3914F800D98190 /* Debug */ = {
			isa = XCBuildConfiguration;
			buildSettings = {
				ASSETCATALOG_COMPILER_APPICON_NAME = AppIcon;
				ASSETCATALOG_COMPILER_GLOBAL_ACCENT_COLOR_NAME = AccentColor;
				CODE_SIGN_STYLE = Automatic;
				CURRENT_PROJECT_VERSION = 1;
				DEVELOPMENT_ASSET_PATHS = "\"Wolf/Preview Content\"";
				DEVELOPMENT_TEAM = "";
				ENABLE_PREVIEWS = YES;
				GENERATE_INFOPLIST_FILE = YES;
				INFOPLIST_FILE = Wolf/Info.plist;
				INFOPLIST_KEY_CFBundleDisplayName = "Katekno Quiz";
				INFOPLIST_KEY_NSCameraUsageDescription = "We need access to the camera to set a photo for your profile.";
				INFOPLIST_KEY_UIApplicationSceneManifest_Generation = YES;
				INFOPLIST_KEY_UIApplicationSupportsIndirectInputEvents = YES;
				INFOPLIST_KEY_UILaunchScreen_Generation = YES;
				INFOPLIST_KEY_UISupportedInterfaceOrientations_iPad = "UIInterfaceOrientationPortrait UIInterfaceOrientationPortraitUpsideDown UIInterfaceOrientationLandscapeLeft UIInterfaceOrientationLandscapeRight";
				INFOPLIST_KEY_UISupportedInterfaceOrientations_iPhone = "UIInterfaceOrientationPortrait UIInterfaceOrientationLandscapeLeft UIInterfaceOrientationLandscapeRight";
				IPHONEOS_DEPLOYMENT_TARGET = 16.0;
				LD_RUNPATH_SEARCH_PATHS = (
					"$(inherited)",
					"@executable_path/Frameworks",
				);
				MARKETING_VERSION = 1.0.1;
				PRODUCT_BUNDLE_IDENTIFIER = com.wolfquiz;
				PRODUCT_NAME = "$(TARGET_NAME)";
				SUPPORTED_PLATFORMS = "iphoneos iphonesimulator";
				SUPPORTS_MACCATALYST = NO;
				SUPPORTS_MAC_DESIGNED_FOR_IPHONE_IPAD = NO;
				SUPPORTS_XR_DESIGNED_FOR_IPHONE_IPAD = NO;
				SWIFT_EMIT_LOC_STRINGS = YES;
				SWIFT_VERSION = 5.0;
				TARGETED_DEVICE_FAMILY = 1;
			};
			name = Debug;
		};
		F6ED4B732D3914F800D98190 /* Release */ = {
			isa = XCBuildConfiguration;
			buildSettings = {
				ASSETCATALOG_COMPILER_APPICON_NAME = AppIcon;
				ASSETCATALOG_COMPILER_GLOBAL_ACCENT_COLOR_NAME = AccentColor;
				CODE_SIGN_STYLE = Automatic;
				CURRENT_PROJECT_VERSION = 1;
				DEVELOPMENT_ASSET_PATHS = "\"Wolf/Preview Content\"";
				DEVELOPMENT_TEAM = "";
				ENABLE_PREVIEWS = YES;
				GENERATE_INFOPLIST_FILE = YES;
				INFOPLIST_FILE = Wolf/Info.plist;
				INFOPLIST_KEY_CFBundleDisplayName = "Katekno Quiz";
				INFOPLIST_KEY_NSCameraUsageDescription = "We need access to the camera to set a photo for your profile.";
				INFOPLIST_KEY_UIApplicationSceneManifest_Generation = YES;
				INFOPLIST_KEY_UIApplicationSupportsIndirectInputEvents = YES;
				INFOPLIST_KEY_UILaunchScreen_Generation = YES;
				INFOPLIST_KEY_UISupportedInterfaceOrientations_iPad = "UIInterfaceOrientationPortrait UIInterfaceOrientationPortraitUpsideDown UIInterfaceOrientationLandscapeLeft UIInterfaceOrientationLandscapeRight";
				INFOPLIST_KEY_UISupportedInterfaceOrientations_iPhone = "UIInterfaceOrientationPortrait UIInterfaceOrientationLandscapeLeft UIInterfaceOrientationLandscapeRight";
				IPHONEOS_DEPLOYMENT_TARGET = 16.0;
				LD_RUNPATH_SEARCH_PATHS = (
					"$(inherited)",
					"@executable_path/Frameworks",
				);
				MARKETING_VERSION = 1.0.1;
				PRODUCT_BUNDLE_IDENTIFIER = com.wolfquiz;
				PRODUCT_NAME = "$(TARGET_NAME)";
				SUPPORTED_PLATFORMS = "iphoneos iphonesimulator";
				SUPPORTS_MACCATALYST = NO;
				SUPPORTS_MAC_DESIGNED_FOR_IPHONE_IPAD = NO;
				SUPPORTS_XR_DESIGNED_FOR_IPHONE_IPAD = NO;
				SWIFT_EMIT_LOC_STRINGS = YES;
				SWIFT_VERSION = 5.0;
				TARGETED_DEVICE_FAMILY = 1;
			};
			name = Release;
		};
/* End XCBuildConfiguration section */

/* Begin XCConfigurationList section */
		F6ED4B5E2D3914F700D98190 /* Build configuration list for PBXProject "Wolf" */ = {
			isa = XCConfigurationList;
			buildConfigurations = (
				F6ED4B6F2D3914F800D98190 /* Debug */,
				F6ED4B702D3914F800D98190 /* Release */,
			);
			defaultConfigurationIsVisible = 0;
			defaultConfigurationName = Release;
		};
		F6ED4B712D3914F800D98190 /* Build configuration list for PBXNativeTarget "Wolf" */ = {
			isa = XCConfigurationList;
			buildConfigurations = (
				F6ED4B722D3914F800D98190 /* Debug */,
				F6ED4B732D3914F800D98190 /* Release */,
			);
			defaultConfigurationIsVisible = 0;
			defaultConfigurationName = Release;
		};
/* End XCConfigurationList section */
	};
	rootObject = F6ED4B5B2D3914F700D98190 /* Project object */;
}
